
Microsoft Visual Studio Solution File, Format Version 12.00
# Visual Studio Version 17
VisualStudioVersion = 17.0.31903.59
MinimumVisualStudioVersion = 10.0.40219.1
Project("{FAE04EC0-301F-11D3-BF4B-00C04F79EFBC}") = "ПП-лаб1", "ПП-лаб1\ПП-лаб1.csproj", "{E25BA600-7920-4527-B5DC-257AF2EA1B6B}"
EndProject
Global
	GlobalSection(SolutionConfigurationPlatforms) = preSolution
		Debug|Any CPU = Debug|Any CPU
		Release|Any CPU = Release|Any CPU
	EndGlobalSection
	GlobalSection(ProjectConfigurationPlatforms) = postSolution
		{E25BA600-7920-4527-B5DC-257AF2EA1B6B}.Debug|Any CPU.ActiveCfg = Debug|Any CPU
		{E25BA600-7920-4527-B5DC-257AF2EA1B6B}.Debug|Any CPU.Build.0 = Debug|Any CPU
		{E25BA600-7920-4527-B5DC-257AF2EA1B6B}.Release|Any CPU.ActiveCfg = Release|Any CPU
		{E25BA600-7920-4527-B5DC-257AF2EA1B6B}.Release|Any CPU.Build.0 = Release|Any CPU
	EndGlobalSection
	GlobalSection(SolutionProperties) = preSolution
		HideSolutionNode = FALSE
	EndGlobalSection
	GlobalSection(ExtensibilityGlobals) = postSolution
		SolutionGuid = {A5E7B959-596C-47CE-B7E6-EC60D646A71F}
	EndGlobalSection
EndGlobal
