
Microsoft Visual Studio Solution File, Format Version 12.00
# Visual Studio Version 17
VisualStudioVersion = 17.0.31903.59
MinimumVisualStudioVersion = 10.0.40219.1
Project("{FAE04EC0-301F-11D3-BF4B-00C04F79EFBC}") = "lab1-OOP", "lab1-OOP\lab1-OOP.csproj", "{BEF380CC-E6DB-4014-B0D3-63D6FB4106AF}"
EndProject
Global
	GlobalSection(SolutionConfigurationPlatforms) = preSolution
		Debug|Any CPU = Debug|Any CPU
		Release|Any CPU = Release|Any CPU
	EndGlobalSection
	GlobalSection(ProjectConfigurationPlatforms) = postSolution
		{BEF380CC-E6DB-4014-B0D3-63D6FB4106AF}.Debug|Any CPU.ActiveCfg = Debug|Any CPU
		{BEF380CC-E6DB-4014-B0D3-63D6FB4106AF}.Debug|Any CPU.Build.0 = Debug|Any CPU
		{BEF380CC-E6DB-4014-B0D3-63D6FB4106AF}.Release|Any CPU.ActiveCfg = Release|Any CPU
		{BEF380CC-E6DB-4014-B0D3-63D6FB4106AF}.Release|Any CPU.Build.0 = Release|Any CPU
	EndGlobalSection
	GlobalSection(SolutionProperties) = preSolution
		HideSolutionNode = FALSE
	EndGlobalSection
	GlobalSection(ExtensibilityGlobals) = postSolution
		SolutionGuid = {9F0524C8-C1BB-4D9C-97CF-70BD5A360232}
	EndGlobalSection
EndGlobal
