
Microsoft Visual Studio Solution File, Format Version 12.00
# Visual Studio Version 17
VisualStudioVersion = 17.0.31903.59
MinimumVisualStudioVersion = 10.0.40219.1
Project("{FAE04EC0-301F-11D3-BF4B-00C04F79EFBC}") = "лаб3-ООП", "лаб3-ООП\лаб3-ООП.csproj", "{65047CB8-346B-4898-BF8B-53015B622DDD}"
EndProject
Global
	GlobalSection(SolutionConfigurationPlatforms) = preSolution
		Debug|Any CPU = Debug|Any CPU
		Release|Any CPU = Release|Any CPU
	EndGlobalSection
	GlobalSection(ProjectConfigurationPlatforms) = postSolution
		{65047CB8-346B-4898-BF8B-53015B622DDD}.Debug|Any CPU.ActiveCfg = Debug|Any CPU
		{65047CB8-346B-4898-BF8B-53015B622DDD}.Debug|Any CPU.Build.0 = Debug|Any CPU
		{65047CB8-346B-4898-BF8B-53015B622DDD}.Release|Any CPU.ActiveCfg = Release|Any CPU
		{65047CB8-346B-4898-BF8B-53015B622DDD}.Release|Any CPU.Build.0 = Release|Any CPU
	EndGlobalSection
	GlobalSection(SolutionProperties) = preSolution
		HideSolutionNode = FALSE
	EndGlobalSection
	GlobalSection(ExtensibilityGlobals) = postSolution
		SolutionGuid = {861C65FE-59CC-434D-BBB7-5F9E1BE267E5}
	EndGlobalSection
EndGlobal
