
Microsoft Visual Studio Solution File, Format Version 12.00
# Visual Studio Version 17
VisualStudioVersion = 17.0.31903.59
MinimumVisualStudioVersion = 10.0.40219.1
Project("{FAE04EC0-301F-11D3-BF4B-00C04F79EFBC}") = "лаб1-ООП", "лаб1-ООП\лаб1-ООП.csproj", "{2A86F4AF-22AF-42A5-8149-4FC7451C06A2}"
EndProject
Global
	GlobalSection(SolutionConfigurationPlatforms) = preSolution
		Debug|Any CPU = Debug|Any CPU
		Release|Any CPU = Release|Any CPU
	EndGlobalSection
	GlobalSection(ProjectConfigurationPlatforms) = postSolution
		{2A86F4AF-22AF-42A5-8149-4FC7451C06A2}.Debug|Any CPU.ActiveCfg = Debug|Any CPU
		{2A86F4AF-22AF-42A5-8149-4FC7451C06A2}.Debug|Any CPU.Build.0 = Debug|Any CPU
		{2A86F4AF-22AF-42A5-8149-4FC7451C06A2}.Release|Any CPU.ActiveCfg = Release|Any CPU
		{2A86F4AF-22AF-42A5-8149-4FC7451C06A2}.Release|Any CPU.Build.0 = Release|Any CPU
	EndGlobalSection
	GlobalSection(SolutionProperties) = preSolution
		HideSolutionNode = FALSE
	EndGlobalSection
	GlobalSection(ExtensibilityGlobals) = postSolution
		SolutionGuid = {96802DA7-E63F-4466-AA11-14FD31E85FBE}
	EndGlobalSection
EndGlobal
