
Microsoft Visual Studio Solution File, Format Version 12.00
# Visual Studio Version 17
VisualStudioVersion = 17.0.31903.59
MinimumVisualStudioVersion = 10.0.40219.1
Project("{FAE04EC0-301F-11D3-BF4B-00C04F79EFBC}") = "lab3v6-OOP", "lab3v6-OOP\lab3v6-OOP.csproj", "{9311CD6A-20CE-4CB1-8C8D-9F45815278DC}"
EndProject
Global
	GlobalSection(SolutionConfigurationPlatforms) = preSolution
		Debug|Any CPU = Debug|Any CPU
		Release|Any CPU = Release|Any CPU
	EndGlobalSection
	GlobalSection(ProjectConfigurationPlatforms) = postSolution
		{9311CD6A-20CE-4CB1-8C8D-9F45815278DC}.Debug|Any CPU.ActiveCfg = Debug|Any CPU
		{9311CD6A-20CE-4CB1-8C8D-9F45815278DC}.Debug|Any CPU.Build.0 = Debug|Any CPU
		{9311CD6A-20CE-4CB1-8C8D-9F45815278DC}.Release|Any CPU.ActiveCfg = Release|Any CPU
		{9311CD6A-20CE-4CB1-8C8D-9F45815278DC}.Release|Any CPU.Build.0 = Release|Any CPU
	EndGlobalSection
	GlobalSection(SolutionProperties) = preSolution
		HideSolutionNode = FALSE
	EndGlobalSection
	GlobalSection(ExtensibilityGlobals) = postSolution
		SolutionGuid = {F9D5C65E-CD4B-4D7F-A89C-DA8544DCA099}
	EndGlobalSection
EndGlobal
