
Microsoft Visual Studio Solution File, Format Version 12.00
# Visual Studio Version 17
VisualStudioVersion = 17.0.31903.59
MinimumVisualStudioVersion = 10.0.40219.1
Project("{FAE04EC0-301F-11D3-BF4B-00C04F79EFBC}") = "lab14v6-OOP", "lab14v6-OOP\lab14v6-OOP.csproj", "{F995F08E-C9BA-47EA-BDA9-B34ABEACE416}"
EndProject
Global
	GlobalSection(SolutionConfigurationPlatforms) = preSolution
		Debug|Any CPU = Debug|Any CPU
		Release|Any CPU = Release|Any CPU
	EndGlobalSection
	GlobalSection(ProjectConfigurationPlatforms) = postSolution
		{F995F08E-C9BA-47EA-BDA9-B34ABEACE416}.Debug|Any CPU.ActiveCfg = Debug|Any CPU
		{F995F08E-C9BA-47EA-BDA9-B34ABEACE416}.Debug|Any CPU.Build.0 = Debug|Any CPU
		{F995F08E-C9BA-47EA-BDA9-B34ABEACE416}.Release|Any CPU.ActiveCfg = Release|Any CPU
		{F995F08E-C9BA-47EA-BDA9-B34ABEACE416}.Release|Any CPU.Build.0 = Release|Any CPU
	EndGlobalSection
	GlobalSection(SolutionProperties) = preSolution
		HideSolutionNode = FALSE
	EndGlobalSection
	GlobalSection(ExtensibilityGlobals) = postSolution
		SolutionGuid = {3EEDF42D-4E1F-4D99-84E0-E02A9B6335D9}
	EndGlobalSection
EndGlobal
