
Microsoft Visual Studio Solution File, Format Version 12.00
# Visual Studio Version 17
VisualStudioVersion = 17.0.31903.59
MinimumVisualStudioVersion = 10.0.40219.1
Project("{FAE04EC0-301F-11D3-BF4B-00C04F79EFBC}") = "Лаб2-ПП-Задание-2", "Лаб2-ПП-Задание-2\Лаб2-ПП-Задание-2.csproj", "{8A7DA4D4-E630-43B5-85B6-01A5769F1153}"
EndProject
Global
	GlobalSection(SolutionConfigurationPlatforms) = preSolution
		Debug|Any CPU = Debug|Any CPU
		Release|Any CPU = Release|Any CPU
	EndGlobalSection
	GlobalSection(ProjectConfigurationPlatforms) = postSolution
		{8A7DA4D4-E630-43B5-85B6-01A5769F1153}.Debug|Any CPU.ActiveCfg = Debug|Any CPU
		{8A7DA4D4-E630-43B5-85B6-01A5769F1153}.Debug|Any CPU.Build.0 = Debug|Any CPU
		{8A7DA4D4-E630-43B5-85B6-01A5769F1153}.Release|Any CPU.ActiveCfg = Release|Any CPU
		{8A7DA4D4-E630-43B5-85B6-01A5769F1153}.Release|Any CPU.Build.0 = Release|Any CPU
	EndGlobalSection
	GlobalSection(SolutionProperties) = preSolution
		HideSolutionNode = FALSE
	EndGlobalSection
	GlobalSection(ExtensibilityGlobals) = postSolution
		SolutionGuid = {A68E75EC-030B-490B-B546-A4A8BA5BCF68}
	EndGlobalSection
EndGlobal
